{
  "object": {
    "pins": [
      {
        "package": "ListKit",
        "repositoryURL": "https://github.com/ReactComponentKit/ListKit.git",
        "state": {
          "branch": null,
          "revision": "d484aec496b095bc8d63db52e9e54f35cc42ba9e",
          "version": "1.1.1"
        }
      },
      {
        "package": "Redux",
        "repositoryURL": "https://github.com/ReactComponentKit/Redux.git",
        "state": {
          "branch": null,
          "revision": "e45114a4852956bacd1680011506d44a498c675d",
          "version": "1.2.0"
        }
      }
    ]
  },
  "version": 1
}
